
Microsoft Visual Studio Solution File, Format Version 12.00
# Visual Studio Version 17
VisualStudioVersion = 17.2.32519.379
MinimumVisualStudioVersion = 10.0.40219.1
Project("{FAE04EC0-301F-11D3-BF4B-00C04F79EFBC}") = "ProjektNr3_54058", "ProjektNr3_54058\ProjektNr3_54058.csproj", "{BF65D373-55D0-4C58-AB37-67854AC31CBB}"
EndProject
Global
	GlobalSection(SolutionConfigurationPlatforms) = preSolution
		Debug|Any CPU = Debug|Any CPU
		Release|Any CPU = Release|Any CPU
	EndGlobalSection
	GlobalSection(ProjectConfigurationPlatforms) = postSolution
		{BF65D373-55D0-4C58-AB37-67854AC31CBB}.Debug|Any CPU.ActiveCfg = Debug|Any CPU
		{BF65D373-55D0-4C58-AB37-67854AC31CBB}.Debug|Any CPU.Build.0 = Debug|Any CPU
		{BF65D373-55D0-4C58-AB37-67854AC31CBB}.Release|Any CPU.ActiveCfg = Release|Any CPU
		{BF65D373-55D0-4C58-AB37-67854AC31CBB}.Release|Any CPU.Build.0 = Release|Any CPU
	EndGlobalSection
	GlobalSection(SolutionProperties) = preSolution
		HideSolutionNode = FALSE
	EndGlobalSection
	GlobalSection(ExtensibilityGlobals) = postSolution
		SolutionGuid = {B00689B4-2119-479E-8ADB-D2686ABF482E}
	EndGlobalSection
EndGlobal
